
Microsoft Visual Studio Solution File, Format Version 12.00
Project("{FAE04EC0-301F-11D3-BF4B-00C04F79EFBC}") = "BetterCardInput", "BetterCardInput\BetterCardInput.csproj", "{671F324D-870A-4A34-97D2-C30730B054DD}"
EndProject
Global
	GlobalSection(SolutionConfigurationPlatforms) = preSolution
		Debug|Any CPU = Debug|Any CPU
		Release|Any CPU = Release|Any CPU
	EndGlobalSection
	GlobalSection(ProjectConfigurationPlatforms) = postSolution
		{671F324D-870A-4A34-97D2-C30730B054DD}.Debug|Any CPU.ActiveCfg = Debug|Any CPU
		{671F324D-870A-4A34-97D2-C30730B054DD}.Debug|Any CPU.Build.0 = Debug|Any CPU
		{671F324D-870A-4A34-97D2-C30730B054DD}.Release|Any CPU.ActiveCfg = Release|Any CPU
		{671F324D-870A-4A34-97D2-C30730B054DD}.Release|Any CPU.Build.0 = Release|Any CPU
	EndGlobalSection
EndGlobal
